// !$*UTF8*$!
{
	archiveVersion = 1;
	classes = {
	};
	objectVersion = 50;
	objects = {

/* Begin PBXBuildFile section */
		3FAB08882498687D007895AD /* AppDelegate.m in Sources */ = {isa = PBXBuildFile; fileRef = 3FAB08872498687D007895AD /* AppDelegate.m */; };
		3FAB088B2498687D007895AD /* SceneDelegate.m in Sources */ = {isa = PBXBuildFile; fileRef = 3FAB088A2498687D007895AD /* SceneDelegate.m */; };
		3FAB08912498687D007895AD /* Main.storyboard in Resources */ = {isa = PBXBuildFile; fileRef = 3FAB088F2498687D007895AD /* Main.storyboard */; };
		3FAB08932498687F007895AD /* Assets.xcassets in Resources */ = {isa = PBXBuildFile; fileRef = 3FAB08922498687F007895AD /* Assets.xcassets */; };
		3FAB08962498687F007895AD /* LaunchScreen.storyboard in Resources */ = {isa = PBXBuildFile; fileRef = 3FAB08942498687F007895AD /* LaunchScreen.storyboard */; };
		3FAB08992498687F007895AD /* main.m in Sources */ = {isa = PBXBuildFile; fileRef = 3FAB08982498687F007895AD /* main.m */; };
		3FAB08A12498689D007895AD /* PhotosCollectionViewController.swift in Sources */ = {isa = PBXBuildFile; fileRef = 3FAB08A02498689D007895AD /* PhotosCollectionViewController.swift */; };
		3FAB08AA249868C7007895AD /* LSILog.m in Sources */ = {isa = PBXBuildFile; fileRef = 3FAB08A3249868C6007895AD /* LSILog.m */; };
		3FAB08AB249868C7007895AD /* LSIErrors.m in Sources */ = {isa = PBXBuildFile; fileRef = 3FAB08A4249868C6007895AD /* LSIErrors.m */; };
		3FAB08AC249868C7007895AD /* LSIFileHelper.m in Sources */ = {isa = PBXBuildFile; fileRef = 3FAB08A5249868C6007895AD /* LSIFileHelper.m */; };
		3FAB08AD249868C7007895AD /* URL+Secure.swift in Sources */ = {isa = PBXBuildFile; fileRef = 3FAB08A9249868C6007895AD /* URL+Secure.swift */; };
		3FAB08AF24987D00007895AD /* PhotoDetailViewController.swift in Sources */ = {isa = PBXBuildFile; fileRef = 3FAB08AE24987D00007895AD /* PhotoDetailViewController.swift */; };
		3FAB08B824988314007895AD /* MarsPhoto.swift in Sources */ = {isa = PBXBuildFile; fileRef = 3FAB08B724988314007895AD /* MarsPhoto.swift */; };
		3FAB08BB24988365007895AD /* LSICamera.m in Sources */ = {isa = PBXBuildFile; fileRef = 3FAB08BA24988365007895AD /* LSICamera.m */; };
/* End PBXBuildFile section */

/* Begin PBXFileReference section */
		3FAB08832498687D007895AD /* Astronomy.app */ = {isa = PBXFileReference; explicitFileType = wrapper.application; includeInIndex = 0; path = Astronomy.app; sourceTree = BUILT_PRODUCTS_DIR; };
		3FAB08862498687D007895AD /* AppDelegate.h */ = {isa = PBXFileReference; lastKnownFileType = sourcecode.c.h; path = AppDelegate.h; sourceTree = "<group>"; };
		3FAB08872498687D007895AD /* AppDelegate.m */ = {isa = PBXFileReference; lastKnownFileType = sourcecode.c.objc; path = AppDelegate.m; sourceTree = "<group>"; };
		3FAB08892498687D007895AD /* SceneDelegate.h */ = {isa = PBXFileReference; lastKnownFileType = sourcecode.c.h; path = SceneDelegate.h; sourceTree = "<group>"; };
		3FAB088A2498687D007895AD /* SceneDelegate.m */ = {isa = PBXFileReference; lastKnownFileType = sourcecode.c.objc; path = SceneDelegate.m; sourceTree = "<group>"; };
		3FAB08902498687D007895AD /* Base */ = {isa = PBXFileReference; lastKnownFileType = file.storyboard; name = Base; path = Base.lproj/Main.storyboard; sourceTree = "<group>"; };
		3FAB08922498687F007895AD /* Assets.xcassets */ = {isa = PBXFileReference; lastKnownFileType = folder.assetcatalog; path = Assets.xcassets; sourceTree = "<group>"; };
		3FAB08952498687F007895AD /* Base */ = {isa = PBXFileReference; lastKnownFileType = file.storyboard; name = Base; path = Base.lproj/LaunchScreen.storyboard; sourceTree = "<group>"; };
		3FAB08972498687F007895AD /* Info.plist */ = {isa = PBXFileReference; lastKnownFileType = text.plist.xml; path = Info.plist; sourceTree = "<group>"; };
		3FAB08982498687F007895AD /* main.m */ = {isa = PBXFileReference; lastKnownFileType = sourcecode.c.objc; path = main.m; sourceTree = "<group>"; };
		3FAB089F2498689C007895AD /* Astronomy-Bridging-Header.h */ = {isa = PBXFileReference; lastKnownFileType = sourcecode.c.h; path = "Astronomy-Bridging-Header.h"; sourceTree = "<group>"; };
		3FAB08A02498689D007895AD /* PhotosCollectionViewController.swift */ = {isa = PBXFileReference; lastKnownFileType = sourcecode.swift; path = PhotosCollectionViewController.swift; sourceTree = "<group>"; };
		3FAB08A3249868C6007895AD /* LSILog.m */ = {isa = PBXFileReference; fileEncoding = 4; lastKnownFileType = sourcecode.c.objc; path = LSILog.m; sourceTree = "<group>"; };
		3FAB08A4249868C6007895AD /* LSIErrors.m */ = {isa = PBXFileReference; fileEncoding = 4; lastKnownFileType = sourcecode.c.objc; path = LSIErrors.m; sourceTree = "<group>"; };
		3FAB08A5249868C6007895AD /* LSIFileHelper.m */ = {isa = PBXFileReference; fileEncoding = 4; lastKnownFileType = sourcecode.c.objc; path = LSIFileHelper.m; sourceTree = "<group>"; };
		3FAB08A6249868C6007895AD /* LSIFileHelper.h */ = {isa = PBXFileReference; fileEncoding = 4; lastKnownFileType = sourcecode.c.h; path = LSIFileHelper.h; sourceTree = "<group>"; };
		3FAB08A7249868C6007895AD /* LSIErrors.h */ = {isa = PBXFileReference; fileEncoding = 4; lastKnownFileType = sourcecode.c.h; path = LSIErrors.h; sourceTree = "<group>"; };
		3FAB08A8249868C6007895AD /* LSILog.h */ = {isa = PBXFileReference; fileEncoding = 4; lastKnownFileType = sourcecode.c.h; path = LSILog.h; sourceTree = "<group>"; };
		3FAB08A9249868C6007895AD /* URL+Secure.swift */ = {isa = PBXFileReference; fileEncoding = 4; lastKnownFileType = sourcecode.swift; path = "URL+Secure.swift"; sourceTree = "<group>"; };
		3FAB08AE24987D00007895AD /* PhotoDetailViewController.swift */ = {isa = PBXFileReference; lastKnownFileType = sourcecode.swift; path = PhotoDetailViewController.swift; sourceTree = "<group>"; };
		3FAB08B724988314007895AD /* MarsPhoto.swift */ = {isa = PBXFileReference; fileEncoding = 4; lastKnownFileType = sourcecode.swift; path = MarsPhoto.swift; sourceTree = "<group>"; };
		3FAB08B924988365007895AD /* LSICamera.h */ = {isa = PBXFileReference; lastKnownFileType = sourcecode.c.h; path = LSICamera.h; sourceTree = "<group>"; };
		3FAB08BA24988365007895AD /* LSICamera.m */ = {isa = PBXFileReference; lastKnownFileType = sourcecode.c.objc; path = LSICamera.m; sourceTree = "<group>"; };
/* End PBXFileReference section */

/* Begin PBXFrameworksBuildPhase section */
		3FAB08802498687D007895AD /* Frameworks */ = {
			isa = PBXFrameworksBuildPhase;
			buildActionMask = 2147483647;
			files = (
			);
			runOnlyForDeploymentPostprocessing = 0;
		};
/* End PBXFrameworksBuildPhase section */

/* Begin PBXGroup section */
		3FAB087A2498687D007895AD = {
			isa = PBXGroup;
			children = (
				3FAB08852498687D007895AD /* Astronomy */,
				3FAB08842498687D007895AD /* Products */,
			);
			sourceTree = "<group>";
		};
		3FAB08842498687D007895AD /* Products */ = {
			isa = PBXGroup;
			children = (
				3FAB08832498687D007895AD /* Astronomy.app */,
			);
			name = Products;
			sourceTree = "<group>";
		};
		3FAB08852498687D007895AD /* Astronomy */ = {
			isa = PBXGroup;
			children = (
				3FAB08B624987DB3007895AD /* Views */,
				3FAB08B424987D8E007895AD /* ModelController */,
				3FAB08B324987D8A007895AD /* Model */,
				3FAB08B024987D11007895AD /* Application */,
				3FAB08B124987D1C007895AD /* ViewControllers */,
				3FAB08B224987D3A007895AD /* Resources */,
				3FAB08A2249868C6007895AD /* LambdaSDK */,
			);
			path = Astronomy;
			sourceTree = "<group>";
		};
		3FAB08A2249868C6007895AD /* LambdaSDK */ = {
			isa = PBXGroup;
			children = (
				3FAB08A3249868C6007895AD /* LSILog.m */,
				3FAB08A4249868C6007895AD /* LSIErrors.m */,
				3FAB08A5249868C6007895AD /* LSIFileHelper.m */,
				3FAB08A6249868C6007895AD /* LSIFileHelper.h */,
				3FAB08A7249868C6007895AD /* LSIErrors.h */,
				3FAB08A8249868C6007895AD /* LSILog.h */,
				3FAB08A9249868C6007895AD /* URL+Secure.swift */,
			);
			name = LambdaSDK;
			path = ../../LambdaSDK;
			sourceTree = "<group>";
		};
		3FAB08B024987D11007895AD /* Application */ = {
			isa = PBXGroup;
			children = (
				3FAB08862498687D007895AD /* AppDelegate.h */,
				3FAB08872498687D007895AD /* AppDelegate.m */,
				3FAB08892498687D007895AD /* SceneDelegate.h */,
				3FAB088A2498687D007895AD /* SceneDelegate.m */,
			);
			path = Application;
			sourceTree = "<group>";
		};
		3FAB08B124987D1C007895AD /* ViewControllers */ = {
			isa = PBXGroup;
			children = (
				3FAB08A02498689D007895AD /* PhotosCollectionViewController.swift */,
				3FAB08AE24987D00007895AD /* PhotoDetailViewController.swift */,
			);
			path = ViewControllers;
			sourceTree = "<group>";
		};
		3FAB08B224987D3A007895AD /* Resources */ = {
			isa = PBXGroup;
			children = (
				3FAB088F2498687D007895AD /* Main.storyboard */,
				3FAB08922498687F007895AD /* Assets.xcassets */,
				3FAB08942498687F007895AD /* LaunchScreen.storyboard */,
				3FAB08972498687F007895AD /* Info.plist */,
				3FAB08982498687F007895AD /* main.m */,
				3FAB089F2498689C007895AD /* Astronomy-Bridging-Header.h */,
			);
			path = Resources;
			sourceTree = "<group>";
		};
		3FAB08B324987D8A007895AD /* Model */ = {
			isa = PBXGroup;
			children = (
				3FAB08B724988314007895AD /* MarsPhoto.swift */,
				3FAB08B924988365007895AD /* LSICamera.h */,
				3FAB08BA24988365007895AD /* LSICamera.m */,
			);
			path = Model;
			sourceTree = "<group>";
		};
		3FAB08B424987D8E007895AD /* ModelController */ = {
			isa = PBXGroup;
			children = (
			);
			path = ModelController;
			sourceTree = "<group>";
		};
		3FAB08B624987DB3007895AD /* Views */ = {
			isa = PBXGroup;
			children = (
			);
			path = Views;
			sourceTree = "<group>";
		};
/* End PBXGroup section */

/* Begin PBXNativeTarget section */
		3FAB08822498687D007895AD /* Astronomy */ = {
			isa = PBXNativeTarget;
			buildConfigurationList = 3FAB089C2498687F007895AD /* Build configuration list for PBXNativeTarget "Astronomy" */;
			buildPhases = (
				3FAB087F2498687D007895AD /* Sources */,
				3FAB08802498687D007895AD /* Frameworks */,
				3FAB08812498687D007895AD /* Resources */,
			);
			buildRules = (
			);
			dependencies = (
			);
			name = Astronomy;
			productName = Astronomy;
			productReference = 3FAB08832498687D007895AD /* Astronomy.app */;
			productType = "com.apple.product-type.application";
		};
/* End PBXNativeTarget section */

/* Begin PBXProject section */
		3FAB087B2498687D007895AD /* Project object */ = {
			isa = PBXProject;
			attributes = {
				LastUpgradeCheck = 1150;
				ORGANIZATIONNAME = "Bhawnish Kumar";
				TargetAttributes = {
					3FAB08822498687D007895AD = {
						CreatedOnToolsVersion = 11.5;
						LastSwiftMigration = 1150;
					};
				};
			};
			buildConfigurationList = 3FAB087E2498687D007895AD /* Build configuration list for PBXProject "Astronomy" */;
			compatibilityVersion = "Xcode 9.3";
			developmentRegion = en;
			hasScannedForEncodings = 0;
			knownRegions = (
				en,
				Base,
			);
			mainGroup = 3FAB087A2498687D007895AD;
			productRefGroup = 3FAB08842498687D007895AD /* Products */;
			projectDirPath = "";
			projectRoot = "";
			targets = (
				3FAB08822498687D007895AD /* Astronomy */,
			);
		};
/* End PBXProject section */

/* Begin PBXResourcesBuildPhase section */
		3FAB08812498687D007895AD /* Resources */ = {
			isa = PBXResourcesBuildPhase;
			buildActionMask = 2147483647;
			files = (
				3FAB08962498687F007895AD /* LaunchScreen.storyboard in Resources */,
				3FAB08932498687F007895AD /* Assets.xcassets in Resources */,
				3FAB08912498687D007895AD /* Main.storyboard in Resources */,
			);
			runOnlyForDeploymentPostprocessing = 0;
		};
/* End PBXResourcesBuildPhase section */

/* Begin PBXSourcesBuildPhase section */
		3FAB087F2498687D007895AD /* Sources */ = {
			isa = PBXSourcesBuildPhase;
			buildActionMask = 2147483647;
			files = (
				3FAB08AD249868C7007895AD /* URL+Secure.swift in Sources */,
				3FAB08882498687D007895AD /* AppDelegate.m in Sources */,
				3FAB08BB24988365007895AD /* LSICamera.m in Sources */,
				3FAB08AA249868C7007895AD /* LSILog.m in Sources */,
				3FAB08992498687F007895AD /* main.m in Sources */,
				3FAB08A12498689D007895AD /* PhotosCollectionViewController.swift in Sources */,
				3FAB08AC249868C7007895AD /* LSIFileHelper.m in Sources */,
				3FAB08AF24987D00007895AD /* PhotoDetailViewController.swift in Sources */,
				3FAB088B2498687D007895AD /* SceneDelegate.m in Sources */,
				3FAB08AB249868C7007895AD /* LSIErrors.m in Sources */,
				3FAB08B824988314007895AD /* MarsPhoto.swift in Sources */,
			);
			runOnlyForDeploymentPostprocessing = 0;
		};
/* End PBXSourcesBuildPhase section */

/* Begin PBXVariantGroup section */
		3FAB088F2498687D007895AD /* Main.storyboard */ = {
			isa = PBXVariantGroup;
			children = (
				3FAB08902498687D007895AD /* Base */,
			);
			name = Main.storyboard;
			sourceTree = "<group>";
		};
		3FAB08942498687F007895AD /* LaunchScreen.storyboard */ = {
			isa = PBXVariantGroup;
			children = (
				3FAB08952498687F007895AD /* Base */,
			);
			name = LaunchScreen.storyboard;
			sourceTree = "<group>";
		};
/* End PBXVariantGroup section */

/* Begin XCBuildConfiguration section */
		3FAB089A2498687F007895AD /* Debug */ = {
			isa = XCBuildConfiguration;
			buildSettings = {
				ALWAYS_SEARCH_USER_PATHS = NO;
				CLANG_ANALYZER_NONNULL = YES;
				CLANG_ANALYZER_NUMBER_OBJECT_CONVERSION = YES_AGGRESSIVE;
				CLANG_CXX_LANGUAGE_STANDARD = "gnu++14";
				CLANG_CXX_LIBRARY = "libc++";
				CLANG_ENABLE_MODULES = YES;
				CLANG_ENABLE_OBJC_ARC = YES;
				CLANG_ENABLE_OBJC_WEAK = YES;
				CLANG_WARN_BLOCK_CAPTURE_AUTORELEASING = YES;
				CLANG_WARN_BOOL_CONVERSION = YES;
				CLANG_WARN_COMMA = YES;
				CLANG_WARN_CONSTANT_CONVERSION = YES;
				CLANG_WARN_DEPRECATED_OBJC_IMPLEMENTATIONS = YES;
				CLANG_WARN_DIRECT_OBJC_ISA_USAGE = YES_ERROR;
				CLANG_WARN_DOCUMENTATION_COMMENTS = YES;
				CLANG_WARN_EMPTY_BODY = YES;
				CLANG_WARN_ENUM_CONVERSION = YES;
				CLANG_WARN_INFINITE_RECURSION = YES;
				CLANG_WARN_INT_CONVERSION = YES;
				CLANG_WARN_NON_LITERAL_NULL_CONVERSION = YES;
				CLANG_WARN_OBJC_IMPLICIT_RETAIN_SELF = YES;
				CLANG_WARN_OBJC_LITERAL_CONVERSION = YES;
				CLANG_WARN_OBJC_ROOT_CLASS = YES_ERROR;
				CLANG_WARN_RANGE_LOOP_ANALYSIS = YES;
				CLANG_WARN_STRICT_PROTOTYPES = YES;
				CLANG_WARN_SUSPICIOUS_MOVE = YES;
				CLANG_WARN_UNGUARDED_AVAILABILITY = YES_AGGRESSIVE;
				CLANG_WARN_UNREACHABLE_CODE = YES;
				CLANG_WARN__DUPLICATE_METHOD_MATCH = YES;
				COPY_PHASE_STRIP = NO;
				DEBUG_INFORMATION_FORMAT = dwarf;
				ENABLE_STRICT_OBJC_MSGSEND = YES;
				ENABLE_TESTABILITY = YES;
				GCC_C_LANGUAGE_STANDARD = gnu11;
				GCC_DYNAMIC_NO_PIC = NO;
				GCC_NO_COMMON_BLOCKS = YES;
				GCC_OPTIMIZATION_LEVEL = 0;
				GCC_PREPROCESSOR_DEFINITIONS = (
					"DEBUG=1",
					"$(inherited)",
				);
				GCC_WARN_64_TO_32_BIT_CONVERSION = YES;
				GCC_WARN_ABOUT_RETURN_TYPE = YES_ERROR;
				GCC_WARN_UNDECLARED_SELECTOR = YES;
				GCC_WARN_UNINITIALIZED_AUTOS = YES_AGGRESSIVE;
				GCC_WARN_UNUSED_FUNCTION = YES;
				GCC_WARN_UNUSED_VARIABLE = YES;
				IPHONEOS_DEPLOYMENT_TARGET = 13.5;
				MTL_ENABLE_DEBUG_INFO = INCLUDE_SOURCE;
				MTL_FAST_MATH = YES;
				ONLY_ACTIVE_ARCH = YES;
				SDKROOT = iphoneos;
			};
			name = Debug;
		};
		3FAB089B2498687F007895AD /* Release */ = {
			isa = XCBuildConfiguration;
			buildSettings = {
				ALWAYS_SEARCH_USER_PATHS = NO;
				CLANG_ANALYZER_NONNULL = YES;
				CLANG_ANALYZER_NUMBER_OBJECT_CONVERSION = YES_AGGRESSIVE;
				CLANG_CXX_LANGUAGE_STANDARD = "gnu++14";
				CLANG_CXX_LIBRARY = "libc++";
				CLANG_ENABLE_MODULES = YES;
				CLANG_ENABLE_OBJC_ARC = YES;
				CLANG_ENABLE_OBJC_WEAK = YES;
				CLANG_WARN_BLOCK_CAPTURE_AUTORELEASING = YES;
				CLANG_WARN_BOOL_CONVERSION = YES;
				CLANG_WARN_COMMA = YES;
				CLANG_WARN_CONSTANT_CONVERSION = YES;
				CLANG_WARN_DEPRECATED_OBJC_IMPLEMENTATIONS = YES;
				CLANG_WARN_DIRECT_OBJC_ISA_USAGE = YES_ERROR;
				CLANG_WARN_DOCUMENTATION_COMMENTS = YES;
				CLANG_WARN_EMPTY_BODY = YES;
				CLANG_WARN_ENUM_CONVERSION = YES;
				CLANG_WARN_INFINITE_RECURSION = YES;
				CLANG_WARN_INT_CONVERSION = YES;
				CLANG_WARN_NON_LITERAL_NULL_CONVERSION = YES;
				CLANG_WARN_OBJC_IMPLICIT_RETAIN_SELF = YES;
				CLANG_WARN_OBJC_LITERAL_CONVERSION = YES;
				CLANG_WARN_OBJC_ROOT_CLASS = YES_ERROR;
				CLANG_WARN_RANGE_LOOP_ANALYSIS = YES;
				CLANG_WARN_STRICT_PROTOTYPES = YES;
				CLANG_WARN_SUSPICIOUS_MOVE = YES;
				CLANG_WARN_UNGUARDED_AVAILABILITY = YES_AGGRESSIVE;
				CLANG_WARN_UNREACHABLE_CODE = YES;
				CLANG_WARN__DUPLICATE_METHOD_MATCH = YES;
				COPY_PHASE_STRIP = NO;
				DEBUG_INFORMATION_FORMAT = "dwarf-with-dsym";
				ENABLE_NS_ASSERTIONS = NO;
				ENABLE_STRICT_OBJC_MSGSEND = YES;
				GCC_C_LANGUAGE_STANDARD = gnu11;
				GCC_NO_COMMON_BLOCKS = YES;
				GCC_WARN_64_TO_32_BIT_CONVERSION = YES;
				GCC_WARN_ABOUT_RETURN_TYPE = YES_ERROR;
				GCC_WARN_UNDECLARED_SELECTOR = YES;
				GCC_WARN_UNINITIALIZED_AUTOS = YES_AGGRESSIVE;
				GCC_WARN_UNUSED_FUNCTION = YES;
				GCC_WARN_UNUSED_VARIABLE = YES;
				IPHONEOS_DEPLOYMENT_TARGET = 13.5;
				MTL_ENABLE_DEBUG_INFO = NO;
				MTL_FAST_MATH = YES;
				SDKROOT = iphoneos;
				VALIDATE_PRODUCT = YES;
			};
			name = Release;
		};
		3FAB089D2498687F007895AD /* Debug */ = {
			isa = XCBuildConfiguration;
			buildSettings = {
				ASSETCATALOG_COMPILER_APPICON_NAME = AppIcon;
				CLANG_ENABLE_MODULES = YES;
				CODE_SIGN_STYLE = Automatic;
				DEVELOPMENT_TEAM = MFBD923VWU;
				INFOPLIST_FILE = Astronomy/Resources/Info.plist;
				LD_RUNPATH_SEARCH_PATHS = (
					"$(inherited)",
					"@executable_path/Frameworks",
				);
				PRODUCT_BUNDLE_IDENTIFIER = bharat.Astronomy;
				PRODUCT_NAME = "$(TARGET_NAME)";
				SWIFT_OBJC_BRIDGING_HEADER = "Astronomy/Resources/Astronomy-Bridging-Header.h";
				SWIFT_OPTIMIZATION_LEVEL = "-Onone";
				SWIFT_VERSION = 5.0;
				TARGETED_DEVICE_FAMILY = "1,2";
			};
			name = Debug;
		};
		3FAB089E2498687F007895AD /* Release */ = {
			isa = XCBuildConfiguration;
			buildSettings = {
				ASSETCATALOG_COMPILER_APPICON_NAME = AppIcon;
				CLANG_ENABLE_MODULES = YES;
				CODE_SIGN_STYLE = Automatic;
				DEVELOPMENT_TEAM = MFBD923VWU;
				INFOPLIST_FILE = Astronomy/Resources/Info.plist;
				LD_RUNPATH_SEARCH_PATHS = (
					"$(inherited)",
					"@executable_path/Frameworks",
				);
				PRODUCT_BUNDLE_IDENTIFIER = bharat.Astronomy;
				PRODUCT_NAME = "$(TARGET_NAME)";
				SWIFT_OBJC_BRIDGING_HEADER = "Astronomy/Resources/Astronomy-Bridging-Header.h";
				SWIFT_VERSION = 5.0;
				TARGETED_DEVICE_FAMILY = "1,2";
			};
			name = Release;
		};
/* End XCBuildConfiguration section */

/* Begin XCConfigurationList section */
		3FAB087E2498687D007895AD /* Build configuration list for PBXProject "Astronomy" */ = {
			isa = XCConfigurationList;
			buildConfigurations = (
				3FAB089A2498687F007895AD /* Debug */,
				3FAB089B2498687F007895AD /* Release */,
			);
			defaultConfigurationIsVisible = 0;
			defaultConfigurationName = Release;
		};
		3FAB089C2498687F007895AD /* Build configuration list for PBXNativeTarget "Astronomy" */ = {
			isa = XCConfigurationList;
			buildConfigurations = (
				3FAB089D2498687F007895AD /* Debug */,
				3FAB089E2498687F007895AD /* Release */,
			);
			defaultConfigurationIsVisible = 0;
			defaultConfigurationName = Release;
		};
/* End XCConfigurationList section */
	};
	rootObject = 3FAB087B2498687D007895AD /* Project object */;
}
